<Solution>
  <Folder Name="/Solution Items/">
    <File Path=".dockerignore" />
    <File Path=".editorconfig" />
    <File Path=".gitattributes" />
    <File Path=".gitignore" />
    <File Path="Directory.Build.props" />
    <File Path="LICENSE" />
    <File Path="README.md" />
  </Folder>
  <Folder Name="/src/">
    <Project Path="src/Notifications.AppHost/Notifications.AppHost.csproj" />
    <Project Path="src/Notifications.Application/Notifications.Application.csproj" />
    <Project Path="src/Notifications.Domain/Notifications.Domain.csproj" />
    <Project Path="src/Notifications.Infrastructure/Notifications.Infrastructure.csproj" />
    <Project Path="src/Notifications.Presentation/Notifications.Presentation.csproj" />
  </Folder>
</Solution>
